
Microsoft Visual Studio Solution File, Format Version 12.00
# Visual Studio Version 16
VisualStudioVersion = 16.0.30907.101
MinimumVisualStudioVersion = 10.0.40219.1
Project("{9A19103F-16F7-4668-BE54-9A1E7A4F7556}") = "DataAccess", "DataAccess\DataAccess.csproj", "{FBC65371-6EE5-4448-870E-5732CFFB0094}"
EndProject
Project("{9A19103F-16F7-4668-BE54-9A1E7A4F7556}") = "Business", "Business\Business.csproj", "{B64F832C-FB97-4FFD-A653-1990EAF605F9}"
EndProject
Project("{9A19103F-16F7-4668-BE54-9A1E7A4F7556}") = "Entities", "Entities\Entities.csproj", "{19617BF9-8F5E-4EA2-971A-37D8098C9BD5}"
EndProject
Project("{9A19103F-16F7-4668-BE54-9A1E7A4F7556}") = "ConsoleUI", "ConsoleUI\ConsoleUI.csproj", "{3D6F6CE0-DFAF-4063-815C-E707071D019B}"
EndProject
Project("{FAE04EC0-301F-11D3-BF4B-00C04F79EFBC}") = "Core", "Core\Core.csproj", "{CF88B845-3781-4A3F-8C97-0C7A61A333F9}"
EndProject
Global
	GlobalSection(SolutionConfigurationPlatforms) = preSolution
		Debug|Any CPU = Debug|Any CPU
		Release|Any CPU = Release|Any CPU
	EndGlobalSection
	GlobalSection(ProjectConfigurationPlatforms) = postSolution
		{FBC65371-6EE5-4448-870E-5732CFFB0094}.Debug|Any CPU.ActiveCfg = Debug|Any CPU
		{FBC65371-6EE5-4448-870E-5732CFFB0094}.Debug|Any CPU.Build.0 = Debug|Any CPU
		{FBC65371-6EE5-4448-870E-5732CFFB0094}.Release|Any CPU.ActiveCfg = Release|Any CPU
		{FBC65371-6EE5-4448-870E-5732CFFB0094}.Release|Any CPU.Build.0 = Release|Any CPU
		{B64F832C-FB97-4FFD-A653-1990EAF605F9}.Debug|Any CPU.ActiveCfg = Debug|Any CPU
		{B64F832C-FB97-4FFD-A653-1990EAF605F9}.Debug|Any CPU.Build.0 = Debug|Any CPU
		{B64F832C-FB97-4FFD-A653-1990EAF605F9}.Release|Any CPU.ActiveCfg = Release|Any CPU
		{B64F832C-FB97-4FFD-A653-1990EAF605F9}.Release|Any CPU.Build.0 = Release|Any CPU
		{19617BF9-8F5E-4EA2-971A-37D8098C9BD5}.Debug|Any CPU.ActiveCfg = Debug|Any CPU
		{19617BF9-8F5E-4EA2-971A-37D8098C9BD5}.Debug|Any CPU.Build.0 = Debug|Any CPU
		{19617BF9-8F5E-4EA2-971A-37D8098C9BD5}.Release|Any CPU.ActiveCfg = Release|Any CPU
		{19617BF9-8F5E-4EA2-971A-37D8098C9BD5}.Release|Any CPU.Build.0 = Release|Any CPU
		{3D6F6CE0-DFAF-4063-815C-E707071D019B}.Debug|Any CPU.ActiveCfg = Debug|Any CPU
		{3D6F6CE0-DFAF-4063-815C-E707071D019B}.Debug|Any CPU.Build.0 = Debug|Any CPU
		{3D6F6CE0-DFAF-4063-815C-E707071D019B}.Release|Any CPU.ActiveCfg = Release|Any CPU
		{3D6F6CE0-DFAF-4063-815C-E707071D019B}.Release|Any CPU.Build.0 = Release|Any CPU
		{CF88B845-3781-4A3F-8C97-0C7A61A333F9}.Debug|Any CPU.ActiveCfg = Debug|Any CPU
		{CF88B845-3781-4A3F-8C97-0C7A61A333F9}.Debug|Any CPU.Build.0 = Debug|Any CPU
		{CF88B845-3781-4A3F-8C97-0C7A61A333F9}.Release|Any CPU.ActiveCfg = Release|Any CPU
		{CF88B845-3781-4A3F-8C97-0C7A61A333F9}.Release|Any CPU.Build.0 = Release|Any CPU
	EndGlobalSection
	GlobalSection(SolutionProperties) = preSolution
		HideSolutionNode = FALSE
	EndGlobalSection
	GlobalSection(ExtensibilityGlobals) = postSolution
		SolutionGuid = {D4D81660-893E-4CF1-85BE-F89E358DD883}
	EndGlobalSection
EndGlobal
