
Microsoft Visual Studio Solution File, Format Version 12.00
# Visual Studio Version 16
VisualStudioVersion = 16.0.31005.135
MinimumVisualStudioVersion = 10.0.40219.1
Project("{FAE04EC0-301F-11D3-BF4B-00C04F79EFBC}") = "Gun_05_Odev_05", "Gun_05_Odev_05\Gun_05_Odev_05.csproj", "{8639A34E-0620-44F4-974E-0A641980A4BC}"
EndProject
Global
	GlobalSection(SolutionConfigurationPlatforms) = preSolution
		Debug|Any CPU = Debug|Any CPU
		Release|Any CPU = Release|Any CPU
	EndGlobalSection
	GlobalSection(ProjectConfigurationPlatforms) = postSolution
		{8639A34E-0620-44F4-974E-0A641980A4BC}.Debug|Any CPU.ActiveCfg = Debug|Any CPU
		{8639A34E-0620-44F4-974E-0A641980A4BC}.Debug|Any CPU.Build.0 = Debug|Any CPU
		{8639A34E-0620-44F4-974E-0A641980A4BC}.Release|Any CPU.ActiveCfg = Release|Any CPU
		{8639A34E-0620-44F4-974E-0A641980A4BC}.Release|Any CPU.Build.0 = Release|Any CPU
	EndGlobalSection
	GlobalSection(SolutionProperties) = preSolution
		HideSolutionNode = FALSE
	EndGlobalSection
	GlobalSection(ExtensibilityGlobals) = postSolution
		SolutionGuid = {EB6CFDF1-4817-46B7-8BB0-718E3A430CF4}
	EndGlobalSection
EndGlobal
