
Microsoft Visual Studio Solution File, Format Version 12.00
# Visual Studio Version 16
VisualStudioVersion = 16.0.31005.135
MinimumVisualStudioVersion = 10.0.40219.1
Project("{FAE04EC0-301F-11D3-BF4B-00C04F79EFBC}") = "InterfaceAbstractDemo", "InterfaceAbstractDemo\InterfaceAbstractDemo.csproj", "{0995D08D-F1CC-4BD4-B679-54A9720281B3}"
EndProject
Global
	GlobalSection(SolutionConfigurationPlatforms) = preSolution
		Debug|Any CPU = Debug|Any CPU
		Release|Any CPU = Release|Any CPU
	EndGlobalSection
	GlobalSection(ProjectConfigurationPlatforms) = postSolution
		{0995D08D-F1CC-4BD4-B679-54A9720281B3}.Debug|Any CPU.ActiveCfg = Debug|Any CPU
		{0995D08D-F1CC-4BD4-B679-54A9720281B3}.Debug|Any CPU.Build.0 = Debug|Any CPU
		{0995D08D-F1CC-4BD4-B679-54A9720281B3}.Release|Any CPU.ActiveCfg = Release|Any CPU
		{0995D08D-F1CC-4BD4-B679-54A9720281B3}.Release|Any CPU.Build.0 = Release|Any CPU
	EndGlobalSection
	GlobalSection(SolutionProperties) = preSolution
		HideSolutionNode = FALSE
	EndGlobalSection
	GlobalSection(ExtensibilityGlobals) = postSolution
		SolutionGuid = {8F1332BC-2456-4B47-9820-A27E676EE12F}
	EndGlobalSection
EndGlobal
